
Microsoft Visual Studio Solution File, Format Version 12.00
# Visual Studio 15
VisualStudioVersion = 15.0.27130.2024
MinimumVisualStudioVersion = 10.0.40219.1
Project("{FAE04EC0-301F-11D3-BF4B-00C04F79EFBC}") = "Topshelf.Unity", "src\Topshelf.Unity\Topshelf.Unity.csproj", "{81469477-F982-41E0-829D-7FCF3F926068}"
EndProject
Project("{FAE04EC0-301F-11D3-BF4B-00C04F79EFBC}") = "Topshelf.Unity.Sample", "src\Topshelf.Unity.Sample\Topshelf.Unity.Sample.csproj", "{8ACB280A-5AA3-4E7B-8AEA-13A38AEB9E09}"
EndProject
Project("{2150E333-8FDC-42A3-9474-1A3956D46DE8}") = ".nuget", ".nuget", "{7C43B770-C82E-4FBB-818F-B235EC2522DE}"
	ProjectSection(SolutionItems) = preProject
		.nuget\NuGet.Config = .nuget\NuGet.Config
		.nuget\NuGet.exe = .nuget\NuGet.exe
		.nuget\NuGet.targets = .nuget\NuGet.targets
	EndProjectSection
EndProject
Project("{2150E333-8FDC-42A3-9474-1A3956D46DE8}") = "Solution Items", "Solution Items", "{18D4AD68-4CC8-4D10-91BF-243D127D3162}"
	ProjectSection(SolutionItems) = preProject
		CHANGELOG.md = CHANGELOG.md
	EndProjectSection
EndProject
Global
	GlobalSection(SolutionConfigurationPlatforms) = preSolution
		Debug|Any CPU = Debug|Any CPU
		Release|Any CPU = Release|Any CPU
	EndGlobalSection
	GlobalSection(ProjectConfigurationPlatforms) = postSolution
		{81469477-F982-41E0-829D-7FCF3F926068}.Debug|Any CPU.ActiveCfg = Debug|Any CPU
		{81469477-F982-41E0-829D-7FCF3F926068}.Debug|Any CPU.Build.0 = Debug|Any CPU
		{81469477-F982-41E0-829D-7FCF3F926068}.Release|Any CPU.ActiveCfg = Release|Any CPU
		{81469477-F982-41E0-829D-7FCF3F926068}.Release|Any CPU.Build.0 = Release|Any CPU
		{8ACB280A-5AA3-4E7B-8AEA-13A38AEB9E09}.Debug|Any CPU.ActiveCfg = Debug|Any CPU
		{8ACB280A-5AA3-4E7B-8AEA-13A38AEB9E09}.Debug|Any CPU.Build.0 = Debug|Any CPU
		{8ACB280A-5AA3-4E7B-8AEA-13A38AEB9E09}.Release|Any CPU.ActiveCfg = Release|Any CPU
		{8ACB280A-5AA3-4E7B-8AEA-13A38AEB9E09}.Release|Any CPU.Build.0 = Release|Any CPU
	EndGlobalSection
	GlobalSection(SolutionProperties) = preSolution
		HideSolutionNode = FALSE
	EndGlobalSection
	GlobalSection(ExtensibilityGlobals) = postSolution
		EnterpriseLibraryConfigurationToolBinariesPath = packages\Unity.2.1.505.2\lib\NET35
		SolutionGuid = {97CC3EAC-0D52-4F87-91C6-D12718371A8E}
	EndGlobalSection
EndGlobal
