
Microsoft Visual Studio Solution File, Format Version 12.00
# Visual Studio 2012
Project("{FAE04EC0-301F-11D3-BF4B-00C04F79EFBC}") = "Topshelf.Unity", "src\Topshelf.Unity\Topshelf.Unity.csproj", "{81469477-F982-41E0-829D-7FCF3F926068}"
EndProject
Global
	GlobalSection(SolutionConfigurationPlatforms) = preSolution
		Debug|Any CPU = Debug|Any CPU
		Release|Any CPU = Release|Any CPU
	EndGlobalSection
	GlobalSection(ProjectConfigurationPlatforms) = postSolution
		{81469477-F982-41E0-829D-7FCF3F926068}.Debug|Any CPU.ActiveCfg = Debug|Any CPU
		{81469477-F982-41E0-829D-7FCF3F926068}.Debug|Any CPU.Build.0 = Debug|Any CPU
		{81469477-F982-41E0-829D-7FCF3F926068}.Release|Any CPU.ActiveCfg = Release|Any CPU
		{81469477-F982-41E0-829D-7FCF3F926068}.Release|Any CPU.Build.0 = Release|Any CPU
	EndGlobalSection
	GlobalSection(SolutionProperties) = preSolution
		HideSolutionNode = FALSE
	EndGlobalSection
EndGlobal
